// !$*UTF8*$!
{
	archiveVersion = 1;
	classes = {
	};
	objectVersion = 52;
	objects = {

/* Begin PBXBuildFile section */
		AF0EE8FF2603577D008FB2E9 /* WrappingHStackExampleApp.swift in Sources */ = {isa = PBXBuildFile; fileRef = AF0EE8FE2603577D008FB2E9 /* WrappingHStackExampleApp.swift */; };
		AF0EE9012603577D008FB2E9 /* ContentView.swift in Sources */ = {isa = PBXBuildFile; fileRef = AF0EE9002603577D008FB2E9 /* ContentView.swift */; };
		AF0EE9032603577E008FB2E9 /* Assets.xcassets in Resources */ = {isa = PBXBuildFile; fileRef = AF0EE9022603577E008FB2E9 /* Assets.xcassets */; };
		AF0EE9062603577E008FB2E9 /* Preview Assets.xcassets in Resources */ = {isa = PBXBuildFile; fileRef = AF0EE9052603577E008FB2E9 /* Preview Assets.xcassets */; };
		AF0EE910260357E8008FB2E9 /* WrappingHStack in Frameworks */ = {isa = PBXBuildFile; productRef = AF0EE90F260357E8008FB2E9 /* WrappingHStack */; };
/* End PBXBuildFile section */

/* Begin PBXFileReference section */
		AF0EE8FB2603577D008FB2E9 /* WrappingHStackExample.app */ = {isa = PBXFileReference; explicitFileType = wrapper.application; includeInIndex = 0; path = WrappingHStackExample.app; sourceTree = BUILT_PRODUCTS_DIR; };
		AF0EE8FE2603577D008FB2E9 /* WrappingHStackExampleApp.swift */ = {isa = PBXFileReference; lastKnownFileType = sourcecode.swift; path = WrappingHStackExampleApp.swift; sourceTree = "<group>"; };
		AF0EE9002603577D008FB2E9 /* ContentView.swift */ = {isa = PBXFileReference; lastKnownFileType = sourcecode.swift; path = ContentView.swift; sourceTree = "<group>"; };
		AF0EE9022603577E008FB2E9 /* Assets.xcassets */ = {isa = PBXFileReference; lastKnownFileType = folder.assetcatalog; path = Assets.xcassets; sourceTree = "<group>"; };
		AF0EE9052603577E008FB2E9 /* Preview Assets.xcassets */ = {isa = PBXFileReference; lastKnownFileType = folder.assetcatalog; path = "Preview Assets.xcassets"; sourceTree = "<group>"; };
		AF0EE9072603577E008FB2E9 /* Info.plist */ = {isa = PBXFileReference; lastKnownFileType = text.plist.xml; path = Info.plist; sourceTree = "<group>"; };
		AF0EE9162603588D008FB2E9 /* WrappingHStack */ = {isa = PBXFileReference; lastKnownFileType = folder; name = WrappingHStack; path = ..; sourceTree = "<group>"; };
/* End PBXFileReference section */

/* Begin PBXFrameworksBuildPhase section */
		AF0EE8F82603577D008FB2E9 /* Frameworks */ = {
			isa = PBXFrameworksBuildPhase;
			buildActionMask = 2147483647;
			files = (
				AF0EE910260357E8008FB2E9 /* WrappingHStack in Frameworks */,
			);
			runOnlyForDeploymentPostprocessing = 0;
		};
/* End PBXFrameworksBuildPhase section */

/* Begin PBXGroup section */
		AF0EE8F22603577D008FB2E9 = {
			isa = PBXGroup;
			children = (
				AF0EE9162603588D008FB2E9 /* WrappingHStack */,
				AF0EE8FD2603577D008FB2E9 /* WrappingHStackExample */,
				AF0EE8FC2603577D008FB2E9 /* Products */,
			);
			sourceTree = "<group>";
		};
		AF0EE8FC2603577D008FB2E9 /* Products */ = {
			isa = PBXGroup;
			children = (
				AF0EE8FB2603577D008FB2E9 /* WrappingHStackExample.app */,
			);
			name = Products;
			sourceTree = "<group>";
		};
		AF0EE8FD2603577D008FB2E9 /* WrappingHStackExample */ = {
			isa = PBXGroup;
			children = (
				AF0EE8FE2603577D008FB2E9 /* WrappingHStackExampleApp.swift */,
				AF0EE9002603577D008FB2E9 /* ContentView.swift */,
				AF0EE9022603577E008FB2E9 /* Assets.xcassets */,
				AF0EE9072603577E008FB2E9 /* Info.plist */,
				AF0EE9042603577E008FB2E9 /* Preview Content */,
			);
			path = WrappingHStackExample;
			sourceTree = "<group>";
		};
		AF0EE9042603577E008FB2E9 /* Preview Content */ = {
			isa = PBXGroup;
			children = (
				AF0EE9052603577E008FB2E9 /* Preview Assets.xcassets */,
			);
			path = "Preview Content";
			sourceTree = "<group>";
		};
/* End PBXGroup section */

/* Begin PBXNativeTarget section */
		AF0EE8FA2603577D008FB2E9 /* WrappingHStackExample */ = {
			isa = PBXNativeTarget;
			buildConfigurationList = AF0EE90A2603577E008FB2E9 /* Build configuration list for PBXNativeTarget "WrappingHStackExample" */;
			buildPhases = (
				AF0EE8F72603577D008FB2E9 /* Sources */,
				AF0EE8F82603577D008FB2E9 /* Frameworks */,
				AF0EE8F92603577D008FB2E9 /* Resources */,
			);
			buildRules = (
			);
			dependencies = (
			);
			name = WrappingHStackExample;
			packageProductDependencies = (
				AF0EE90F260357E8008FB2E9 /* WrappingHStack */,
			);
			productName = WrappingHStackExample;
			productReference = AF0EE8FB2603577D008FB2E9 /* WrappingHStackExample.app */;
			productType = "com.apple.product-type.application";
		};
/* End PBXNativeTarget section */

/* Begin PBXProject section */
		AF0EE8F32603577D008FB2E9 /* Project object */ = {
			isa = PBXProject;
			attributes = {
				LastSwiftUpdateCheck = 1240;
				LastUpgradeCheck = 1240;
				TargetAttributes = {
					AF0EE8FA2603577D008FB2E9 = {
						CreatedOnToolsVersion = 12.4;
					};
				};
			};
			buildConfigurationList = AF0EE8F62603577D008FB2E9 /* Build configuration list for PBXProject "WrappingHStackExample" */;
			compatibilityVersion = "Xcode 9.3";
			developmentRegion = en;
			hasScannedForEncodings = 0;
			knownRegions = (
				en,
				Base,
			);
			mainGroup = AF0EE8F22603577D008FB2E9;
			packageReferences = (
				AF0EE90E260357E8008FB2E9 /* XCRemoteSwiftPackageReference "WrappingHStack" */,
			);
			productRefGroup = AF0EE8FC2603577D008FB2E9 /* Products */;
			projectDirPath = "";
			projectRoot = "";
			targets = (
				AF0EE8FA2603577D008FB2E9 /* WrappingHStackExample */,
			);
		};
/* End PBXProject section */

/* Begin PBXResourcesBuildPhase section */
		AF0EE8F92603577D008FB2E9 /* Resources */ = {
			isa = PBXResourcesBuildPhase;
			buildActionMask = 2147483647;
			files = (
				AF0EE9062603577E008FB2E9 /* Preview Assets.xcassets in Resources */,
				AF0EE9032603577E008FB2E9 /* Assets.xcassets in Resources */,
			);
			runOnlyForDeploymentPostprocessing = 0;
		};
/* End PBXResourcesBuildPhase section */

/* Begin PBXSourcesBuildPhase section */
		AF0EE8F72603577D008FB2E9 /* Sources */ = {
			isa = PBXSourcesBuildPhase;
			buildActionMask = 2147483647;
			files = (
				AF0EE9012603577D008FB2E9 /* ContentView.swift in Sources */,
				AF0EE8FF2603577D008FB2E9 /* WrappingHStackExampleApp.swift in Sources */,
			);
			runOnlyForDeploymentPostprocessing = 0;
		};
/* End PBXSourcesBuildPhase section */

/* Begin XCBuildConfiguration section */
		AF0EE9082603577E008FB2E9 /* Debug */ = {
			isa = XCBuildConfiguration;
			buildSettings = {
				ALWAYS_SEARCH_USER_PATHS = NO;
				CLANG_ANALYZER_NONNULL = YES;
				CLANG_ANALYZER_NUMBER_OBJECT_CONVERSION = YES_AGGRESSIVE;
				CLANG_CXX_LANGUAGE_STANDARD = "gnu++14";
				CLANG_CXX_LIBRARY = "libc++";
				CLANG_ENABLE_MODULES = YES;
				CLANG_ENABLE_OBJC_ARC = YES;
				CLANG_ENABLE_OBJC_WEAK = YES;
				CLANG_WARN_BLOCK_CAPTURE_AUTORELEASING = YES;
				CLANG_WARN_BOOL_CONVERSION = YES;
				CLANG_WARN_COMMA = YES;
				CLANG_WARN_CONSTANT_CONVERSION = YES;
				CLANG_WARN_DEPRECATED_OBJC_IMPLEMENTATIONS = YES;
				CLANG_WARN_DIRECT_OBJC_ISA_USAGE = YES_ERROR;
				CLANG_WARN_DOCUMENTATION_COMMENTS = YES;
				CLANG_WARN_EMPTY_BODY = YES;
				CLANG_WARN_ENUM_CONVERSION = YES;
				CLANG_WARN_INFINITE_RECURSION = YES;
				CLANG_WARN_INT_CONVERSION = YES;
				CLANG_WARN_NON_LITERAL_NULL_CONVERSION = YES;
				CLANG_WARN_OBJC_IMPLICIT_RETAIN_SELF = YES;
				CLANG_WARN_OBJC_LITERAL_CONVERSION = YES;
				CLANG_WARN_OBJC_ROOT_CLASS = YES_ERROR;
				CLANG_WARN_QUOTED_INCLUDE_IN_FRAMEWORK_HEADER = YES;
				CLANG_WARN_RANGE_LOOP_ANALYSIS = YES;
				CLANG_WARN_STRICT_PROTOTYPES = YES;
				CLANG_WARN_SUSPICIOUS_MOVE = YES;
				CLANG_WARN_UNGUARDED_AVAILABILITY = YES_AGGRESSIVE;
				CLANG_WARN_UNREACHABLE_CODE = YES;
				CLANG_WARN__DUPLICATE_METHOD_MATCH = YES;
				COPY_PHASE_STRIP = NO;
				DEBUG_INFORMATION_FORMAT = dwarf;
				ENABLE_STRICT_OBJC_MSGSEND = YES;
				ENABLE_TESTABILITY = YES;
				GCC_C_LANGUAGE_STANDARD = gnu11;
				GCC_DYNAMIC_NO_PIC = NO;
				GCC_NO_COMMON_BLOCKS = YES;
				GCC_OPTIMIZATION_LEVEL = 0;
				GCC_PREPROCESSOR_DEFINITIONS = (
					"DEBUG=1",
					"$(inherited)",
				);
				GCC_WARN_64_TO_32_BIT_CONVERSION = YES;
				GCC_WARN_ABOUT_RETURN_TYPE = YES_ERROR;
				GCC_WARN_UNDECLARED_SELECTOR = YES;
				GCC_WARN_UNINITIALIZED_AUTOS = YES_AGGRESSIVE;
				GCC_WARN_UNUSED_FUNCTION = YES;
				GCC_WARN_UNUSED_VARIABLE = YES;
				IPHONEOS_DEPLOYMENT_TARGET = 14.4;
				MTL_ENABLE_DEBUG_INFO = INCLUDE_SOURCE;
				MTL_FAST_MATH = YES;
				ONLY_ACTIVE_ARCH = YES;
				SDKROOT = iphoneos;
				SWIFT_ACTIVE_COMPILATION_CONDITIONS = DEBUG;
				SWIFT_OPTIMIZATION_LEVEL = "-Onone";
			};
			name = Debug;
		};
		AF0EE9092603577E008FB2E9 /* Release */ = {
			isa = XCBuildConfiguration;
			buildSettings = {
				ALWAYS_SEARCH_USER_PATHS = NO;
				CLANG_ANALYZER_NONNULL = YES;
				CLANG_ANALYZER_NUMBER_OBJECT_CONVERSION = YES_AGGRESSIVE;
				CLANG_CXX_LANGUAGE_STANDARD = "gnu++14";
				CLANG_CXX_LIBRARY = "libc++";
				CLANG_ENABLE_MODULES = YES;
				CLANG_ENABLE_OBJC_ARC = YES;
				CLANG_ENABLE_OBJC_WEAK = YES;
				CLANG_WARN_BLOCK_CAPTURE_AUTORELEASING = YES;
				CLANG_WARN_BOOL_CONVERSION = YES;
				CLANG_WARN_COMMA = YES;
				CLANG_WARN_CONSTANT_CONVERSION = YES;
				CLANG_WARN_DEPRECATED_OBJC_IMPLEMENTATIONS = YES;
				CLANG_WARN_DIRECT_OBJC_ISA_USAGE = YES_ERROR;
				CLANG_WARN_DOCUMENTATION_COMMENTS = YES;
				CLANG_WARN_EMPTY_BODY = YES;
				CLANG_WARN_ENUM_CONVERSION = YES;
				CLANG_WARN_INFINITE_RECURSION = YES;
				CLANG_WARN_INT_CONVERSION = YES;
				CLANG_WARN_NON_LITERAL_NULL_CONVERSION = YES;
				CLANG_WARN_OBJC_IMPLICIT_RETAIN_SELF = YES;
				CLANG_WARN_OBJC_LITERAL_CONVERSION = YES;
				CLANG_WARN_OBJC_ROOT_CLASS = YES_ERROR;
				CLANG_WARN_QUOTED_INCLUDE_IN_FRAMEWORK_HEADER = YES;
				CLANG_WARN_RANGE_LOOP_ANALYSIS = YES;
				CLANG_WARN_STRICT_PROTOTYPES = YES;
				CLANG_WARN_SUSPICIOUS_MOVE = YES;
				CLANG_WARN_UNGUARDED_AVAILABILITY = YES_AGGRESSIVE;
				CLANG_WARN_UNREACHABLE_CODE = YES;
				CLANG_WARN__DUPLICATE_METHOD_MATCH = YES;
				COPY_PHASE_STRIP = NO;
				DEBUG_INFORMATION_FORMAT = "dwarf-with-dsym";
				ENABLE_NS_ASSERTIONS = NO;
				ENABLE_STRICT_OBJC_MSGSEND = YES;
				GCC_C_LANGUAGE_STANDARD = gnu11;
				GCC_NO_COMMON_BLOCKS = YES;
				GCC_WARN_64_TO_32_BIT_CONVERSION = YES;
				GCC_WARN_ABOUT_RETURN_TYPE = YES_ERROR;
				GCC_WARN_UNDECLARED_SELECTOR = YES;
				GCC_WARN_UNINITIALIZED_AUTOS = YES_AGGRESSIVE;
				GCC_WARN_UNUSED_FUNCTION = YES;
				GCC_WARN_UNUSED_VARIABLE = YES;
				IPHONEOS_DEPLOYMENT_TARGET = 14.4;
				MTL_ENABLE_DEBUG_INFO = NO;
				MTL_FAST_MATH = YES;
				SDKROOT = iphoneos;
				SWIFT_COMPILATION_MODE = wholemodule;
				SWIFT_OPTIMIZATION_LEVEL = "-O";
				VALIDATE_PRODUCT = YES;
			};
			name = Release;
		};
		AF0EE90B2603577E008FB2E9 /* Debug */ = {
			isa = XCBuildConfiguration;
			buildSettings = {
				ASSETCATALOG_COMPILER_APPICON_NAME = AppIcon;
				ASSETCATALOG_COMPILER_GLOBAL_ACCENT_COLOR_NAME = AccentColor;
				CODE_SIGN_STYLE = Automatic;
				DEVELOPMENT_ASSET_PATHS = "";
				DEVELOPMENT_TEAM = RB643832BT;
				ENABLE_PREVIEWS = YES;
				INFOPLIST_FILE = WrappingHStackExample/Info.plist;
				IPHONEOS_DEPLOYMENT_TARGET = 14.0;
				LD_RUNPATH_SEARCH_PATHS = (
					"$(inherited)",
					"@executable_path/Frameworks",
				);
				PRODUCT_BUNDLE_IDENTIFIER = com.danielkloeck.WrappingHStackExample;
				PRODUCT_NAME = "$(TARGET_NAME)";
				SWIFT_VERSION = 5.0;
				TARGETED_DEVICE_FAMILY = "1,2";
			};
			name = Debug;
		};
		AF0EE90C2603577E008FB2E9 /* Release */ = {
			isa = XCBuildConfiguration;
			buildSettings = {
				ASSETCATALOG_COMPILER_APPICON_NAME = AppIcon;
				ASSETCATALOG_COMPILER_GLOBAL_ACCENT_COLOR_NAME = AccentColor;
				CODE_SIGN_STYLE = Automatic;
				DEVELOPMENT_ASSET_PATHS = "";
				DEVELOPMENT_TEAM = RB643832BT;
				ENABLE_PREVIEWS = YES;
				INFOPLIST_FILE = WrappingHStackExample/Info.plist;
				IPHONEOS_DEPLOYMENT_TARGET = 14.0;
				LD_RUNPATH_SEARCH_PATHS = (
					"$(inherited)",
					"@executable_path/Frameworks",
				);
				PRODUCT_BUNDLE_IDENTIFIER = com.danielkloeck.WrappingHStackExample;
				PRODUCT_NAME = "$(TARGET_NAME)";
				SWIFT_VERSION = 5.0;
				TARGETED_DEVICE_FAMILY = "1,2";
			};
			name = Release;
		};
/* End XCBuildConfiguration section */

/* Begin XCConfigurationList section */
		AF0EE8F62603577D008FB2E9 /* Build configuration list for PBXProject "WrappingHStackExample" */ = {
			isa = XCConfigurationList;
			buildConfigurations = (
				AF0EE9082603577E008FB2E9 /* Debug */,
				AF0EE9092603577E008FB2E9 /* Release */,
			);
			defaultConfigurationIsVisible = 0;
			defaultConfigurationName = Release;
		};
		AF0EE90A2603577E008FB2E9 /* Build configuration list for PBXNativeTarget "WrappingHStackExample" */ = {
			isa = XCConfigurationList;
			buildConfigurations = (
				AF0EE90B2603577E008FB2E9 /* Debug */,
				AF0EE90C2603577E008FB2E9 /* Release */,
			);
			defaultConfigurationIsVisible = 0;
			defaultConfigurationName = Release;
		};
/* End XCConfigurationList section */

/* Begin XCRemoteSwiftPackageReference section */
		AF0EE90E260357E8008FB2E9 /* XCRemoteSwiftPackageReference "WrappingHStack" */ = {
			isa = XCRemoteSwiftPackageReference;
			repositoryURL = "https://github.com/dkk/WrappingHStack.git";
			requirement = {
				branch = main;
				kind = branch;
			};
		};
/* End XCRemoteSwiftPackageReference section */

/* Begin XCSwiftPackageProductDependency section */
		AF0EE90F260357E8008FB2E9 /* WrappingHStack */ = {
			isa = XCSwiftPackageProductDependency;
			package = AF0EE90E260357E8008FB2E9 /* XCRemoteSwiftPackageReference "WrappingHStack" */;
			productName = WrappingHStack;
		};
/* End XCSwiftPackageProductDependency section */
	};
	rootObject = AF0EE8F32603577D008FB2E9 /* Project object */;
}
